// !$*UTF8*$!
{
	archiveVersion = 1;
	classes = {
	};
	objectVersion = 51;
	objects = {

/* Begin PBXBuildFile section */
		9E523D7BEBEDCF27FE105444 /* Pods_absio_crypto_ios_example.framework in Frameworks */ = {isa = PBXBuildFile; fileRef = 070980D98FD622BFB15C2149 /* Pods_absio_crypto_ios_example.framework */; };
		FE325AC625134C840001E13E /* AppDelegate.swift in Sources */ = {isa = PBXBuildFile; fileRef = FE325AC525134C840001E13E /* AppDelegate.swift */; };
		FE325AC825134C840001E13E /* SceneDelegate.swift in Sources */ = {isa = PBXBuildFile; fileRef = FE325AC725134C840001E13E /* SceneDelegate.swift */; };
		FE325ACA25134C840001E13E /* ContentView.swift in Sources */ = {isa = PBXBuildFile; fileRef = FE325AC925134C840001E13E /* ContentView.swift */; };
		FE325ACC25134C850001E13E /* Assets.xcassets in Resources */ = {isa = PBXBuildFile; fileRef = FE325ACB25134C850001E13E /* Assets.xcassets */; };
		FE325ACF25134C850001E13E /* Preview Assets.xcassets in Resources */ = {isa = PBXBuildFile; fileRef = FE325ACE25134C850001E13E /* Preview Assets.xcassets */; };
		FE325AD225134C850001E13E /* LaunchScreen.storyboard in Resources */ = {isa = PBXBuildFile; fileRef = FE325AD025134C850001E13E /* LaunchScreen.storyboard */; };
/* End PBXBuildFile section */

/* Begin PBXFileReference section */
		070980D98FD622BFB15C2149 /* Pods_absio_crypto_ios_example.framework */ = {isa = PBXFileReference; explicitFileType = wrapper.framework; includeInIndex = 0; path = Pods_absio_crypto_ios_example.framework; sourceTree = BUILT_PRODUCTS_DIR; };
		30431E3F805E89C8FFEC9879 /* Pods-absio-crypto-ios-example.debug.xcconfig */ = {isa = PBXFileReference; includeInIndex = 1; lastKnownFileType = text.xcconfig; name = "Pods-absio-crypto-ios-example.debug.xcconfig"; path = "Target Support Files/Pods-absio-crypto-ios-example/Pods-absio-crypto-ios-example.debug.xcconfig"; sourceTree = "<group>"; };
		A76B2A404EF6E899EA92B3F3 /* Pods-absio-crypto-ios-example.release.xcconfig */ = {isa = PBXFileReference; includeInIndex = 1; lastKnownFileType = text.xcconfig; name = "Pods-absio-crypto-ios-example.release.xcconfig"; path = "Target Support Files/Pods-absio-crypto-ios-example/Pods-absio-crypto-ios-example.release.xcconfig"; sourceTree = "<group>"; };
		FE325AC225134C840001E13E /* absio-crypto-ios-example.app */ = {isa = PBXFileReference; explicitFileType = wrapper.application; includeInIndex = 0; path = "absio-crypto-ios-example.app"; sourceTree = BUILT_PRODUCTS_DIR; };
		FE325AC525134C840001E13E /* AppDelegate.swift */ = {isa = PBXFileReference; lastKnownFileType = sourcecode.swift; path = AppDelegate.swift; sourceTree = "<group>"; };
		FE325AC725134C840001E13E /* SceneDelegate.swift */ = {isa = PBXFileReference; lastKnownFileType = sourcecode.swift; path = SceneDelegate.swift; sourceTree = "<group>"; };
		FE325AC925134C840001E13E /* ContentView.swift */ = {isa = PBXFileReference; lastKnownFileType = sourcecode.swift; path = ContentView.swift; sourceTree = "<group>"; };
		FE325ACB25134C850001E13E /* Assets.xcassets */ = {isa = PBXFileReference; lastKnownFileType = folder.assetcatalog; path = Assets.xcassets; sourceTree = "<group>"; };
		FE325ACE25134C850001E13E /* Preview Assets.xcassets */ = {isa = PBXFileReference; lastKnownFileType = folder.assetcatalog; path = "Preview Assets.xcassets"; sourceTree = "<group>"; };
		FE325AD125134C850001E13E /* Base */ = {isa = PBXFileReference; lastKnownFileType = file.storyboard; name = Base; path = Base.lproj/LaunchScreen.storyboard; sourceTree = "<group>"; };
		FE325AD325134C850001E13E /* Info.plist */ = {isa = PBXFileReference; lastKnownFileType = text.plist.xml; path = Info.plist; sourceTree = "<group>"; };
/* End PBXFileReference section */

/* Begin PBXFrameworksBuildPhase section */
		FE325ABF25134C840001E13E /* Frameworks */ = {
			isa = PBXFrameworksBuildPhase;
			buildActionMask = 2147483647;
			files = (
				9E523D7BEBEDCF27FE105444 /* Pods_absio_crypto_ios_example.framework in Frameworks */,
			);
			runOnlyForDeploymentPostprocessing = 0;
		};
/* End PBXFrameworksBuildPhase section */

/* Begin PBXGroup section */
		4FB209D3048954603E3023BF /* Frameworks */ = {
			isa = PBXGroup;
			children = (
				070980D98FD622BFB15C2149 /* Pods_absio_crypto_ios_example.framework */,
			);
			name = Frameworks;
			sourceTree = "<group>";
		};
		86F27017468C60B0530B7083 /* Pods */ = {
			isa = PBXGroup;
			children = (
				30431E3F805E89C8FFEC9879 /* Pods-absio-crypto-ios-example.debug.xcconfig */,
				A76B2A404EF6E899EA92B3F3 /* Pods-absio-crypto-ios-example.release.xcconfig */,
			);
			path = Pods;
			sourceTree = "<group>";
		};
		FE325AB925134C840001E13E = {
			isa = PBXGroup;
			children = (
				FE325AC425134C840001E13E /* absio-crypto-ios-example */,
				FE325AC325134C840001E13E /* Products */,
				86F27017468C60B0530B7083 /* Pods */,
				4FB209D3048954603E3023BF /* Frameworks */,
			);
			sourceTree = "<group>";
		};
		FE325AC325134C840001E13E /* Products */ = {
			isa = PBXGroup;
			children = (
				FE325AC225134C840001E13E /* absio-crypto-ios-example.app */,
			);
			name = Products;
			sourceTree = "<group>";
		};
		FE325AC425134C840001E13E /* absio-crypto-ios-example */ = {
			isa = PBXGroup;
			children = (
				FE325AC525134C840001E13E /* AppDelegate.swift */,
				FE325AC725134C840001E13E /* SceneDelegate.swift */,
				FE325AC925134C840001E13E /* ContentView.swift */,
				FE325ACB25134C850001E13E /* Assets.xcassets */,
				FE325AD025134C850001E13E /* LaunchScreen.storyboard */,
				FE325AD325134C850001E13E /* Info.plist */,
				FE325ACD25134C850001E13E /* Preview Content */,
			);
			path = "absio-crypto-ios-example";
			sourceTree = "<group>";
		};
		FE325ACD25134C850001E13E /* Preview Content */ = {
			isa = PBXGroup;
			children = (
				FE325ACE25134C850001E13E /* Preview Assets.xcassets */,
			);
			path = "Preview Content";
			sourceTree = "<group>";
		};
/* End PBXGroup section */

/* Begin PBXNativeTarget section */
		FE325AC125134C840001E13E /* absio-crypto-ios-example */ = {
			isa = PBXNativeTarget;
			buildConfigurationList = FE325AD625134C850001E13E /* Build configuration list for PBXNativeTarget "absio-crypto-ios-example" */;
			buildPhases = (
				F0E626B30AC25BC3A5A93FA1 /* [CP] Check Pods Manifest.lock */,
				FE325ABE25134C840001E13E /* Sources */,
				FE325ABF25134C840001E13E /* Frameworks */,
				FE325AC025134C840001E13E /* Resources */,
				D9F5245E6C52236439B4EA5F /* [CP] Embed Pods Frameworks */,
			);
			buildRules = (
			);
			dependencies = (
			);
			name = "absio-crypto-ios-example";
			productName = "absio-crypto-ios-example";
			productReference = FE325AC225134C840001E13E /* absio-crypto-ios-example.app */;
			productType = "com.apple.product-type.application";
		};
/* End PBXNativeTarget section */

/* Begin PBXProject section */
		FE325ABA25134C840001E13E /* Project object */ = {
			isa = PBXProject;
			attributes = {
				LastSwiftUpdateCheck = 1160;
				LastUpgradeCheck = 1160;
				ORGANIZATIONNAME = Absio;
				TargetAttributes = {
					FE325AC125134C840001E13E = {
						CreatedOnToolsVersion = 11.6;
					};
				};
			};
			buildConfigurationList = FE325ABD25134C840001E13E /* Build configuration list for PBXProject "absio-crypto-ios-example" */;
			compatibilityVersion = "Xcode 9.3";
			developmentRegion = en;
			hasScannedForEncodings = 0;
			knownRegions = (
				en,
				Base,
			);
			mainGroup = FE325AB925134C840001E13E;
			productRefGroup = FE325AC325134C840001E13E /* Products */;
			projectDirPath = "";
			projectRoot = "";
			targets = (
				FE325AC125134C840001E13E /* absio-crypto-ios-example */,
			);
		};
/* End PBXProject section */

/* Begin PBXResourcesBuildPhase section */
		FE325AC025134C840001E13E /* Resources */ = {
			isa = PBXResourcesBuildPhase;
			buildActionMask = 2147483647;
			files = (
				FE325AD225134C850001E13E /* LaunchScreen.storyboard in Resources */,
				FE325ACF25134C850001E13E /* Preview Assets.xcassets in Resources */,
				FE325ACC25134C850001E13E /* Assets.xcassets in Resources */,
			);
			runOnlyForDeploymentPostprocessing = 0;
		};
/* End PBXResourcesBuildPhase section */

/* Begin PBXShellScriptBuildPhase section */
		D9F5245E6C52236439B4EA5F /* [CP] Embed Pods Frameworks */ = {
			isa = PBXShellScriptBuildPhase;
			buildActionMask = 2147483647;
			files = (
			);
			inputFileListPaths = (
				"${PODS_ROOT}/Target Support Files/Pods-absio-crypto-ios-example/Pods-absio-crypto-ios-example-frameworks-${CONFIGURATION}-input-files.xcfilelist",
			);
			name = "[CP] Embed Pods Frameworks";
			outputFileListPaths = (
				"${PODS_ROOT}/Target Support Files/Pods-absio-crypto-ios-example/Pods-absio-crypto-ios-example-frameworks-${CONFIGURATION}-output-files.xcfilelist",
			);
			runOnlyForDeploymentPostprocessing = 0;
			shellPath = /bin/sh;
			shellScript = "\"${PODS_ROOT}/Target Support Files/Pods-absio-crypto-ios-example/Pods-absio-crypto-ios-example-frameworks.sh\"\n";
			showEnvVarsInLog = 0;
		};
		F0E626B30AC25BC3A5A93FA1 /* [CP] Check Pods Manifest.lock */ = {
			isa = PBXShellScriptBuildPhase;
			buildActionMask = 2147483647;
			files = (
			);
			inputFileListPaths = (
			);
			inputPaths = (
				"${PODS_PODFILE_DIR_PATH}/Podfile.lock",
				"${PODS_ROOT}/Manifest.lock",
			);
			name = "[CP] Check Pods Manifest.lock";
			outputFileListPaths = (
			);
			outputPaths = (
				"$(DERIVED_FILE_DIR)/Pods-absio-crypto-ios-example-checkManifestLockResult.txt",
			);
			runOnlyForDeploymentPostprocessing = 0;
			shellPath = /bin/sh;
			shellScript = "diff \"${PODS_PODFILE_DIR_PATH}/Podfile.lock\" \"${PODS_ROOT}/Manifest.lock\" > /dev/null\nif [ $? != 0 ] ; then\n    # print error to STDERR\n    echo \"error: The sandbox is not in sync with the Podfile.lock. Run 'pod install' or update your CocoaPods installation.\" >&2\n    exit 1\nfi\n# This output is used by Xcode 'outputs' to avoid re-running this script phase.\necho \"SUCCESS\" > \"${SCRIPT_OUTPUT_FILE_0}\"\n";
			showEnvVarsInLog = 0;
		};
/* End PBXShellScriptBuildPhase section */

/* Begin PBXSourcesBuildPhase section */
		FE325ABE25134C840001E13E /* Sources */ = {
			isa = PBXSourcesBuildPhase;
			buildActionMask = 2147483647;
			files = (
				FE325AC625134C840001E13E /* AppDelegate.swift in Sources */,
				FE325AC825134C840001E13E /* SceneDelegate.swift in Sources */,
				FE325ACA25134C840001E13E /* ContentView.swift in Sources */,
			);
			runOnlyForDeploymentPostprocessing = 0;
		};
/* End PBXSourcesBuildPhase section */

/* Begin PBXVariantGroup section */
		FE325AD025134C850001E13E /* LaunchScreen.storyboard */ = {
			isa = PBXVariantGroup;
			children = (
				FE325AD125134C850001E13E /* Base */,
			);
			name = LaunchScreen.storyboard;
			sourceTree = "<group>";
		};
/* End PBXVariantGroup section */

/* Begin XCBuildConfiguration section */
		FE325AD425134C850001E13E /* Debug */ = {
			isa = XCBuildConfiguration;
			buildSettings = {
				ALWAYS_SEARCH_USER_PATHS = NO;
				CLANG_ANALYZER_NONNULL = YES;
				CLANG_ANALYZER_NUMBER_OBJECT_CONVERSION = YES_AGGRESSIVE;
				CLANG_CXX_LANGUAGE_STANDARD = "gnu++14";
				CLANG_CXX_LIBRARY = "libc++";
				CLANG_ENABLE_MODULES = YES;
				CLANG_ENABLE_OBJC_ARC = YES;
				CLANG_ENABLE_OBJC_WEAK = YES;
				CLANG_WARN_BLOCK_CAPTURE_AUTORELEASING = YES;
				CLANG_WARN_BOOL_CONVERSION = YES;
				CLANG_WARN_COMMA = YES;
				CLANG_WARN_CONSTANT_CONVERSION = YES;
				CLANG_WARN_DEPRECATED_OBJC_IMPLEMENTATIONS = YES;
				CLANG_WARN_DIRECT_OBJC_ISA_USAGE = YES_ERROR;
				CLANG_WARN_DOCUMENTATION_COMMENTS = YES;
				CLANG_WARN_EMPTY_BODY = YES;
				CLANG_WARN_ENUM_CONVERSION = YES;
				CLANG_WARN_INFINITE_RECURSION = YES;
				CLANG_WARN_INT_CONVERSION = YES;
				CLANG_WARN_NON_LITERAL_NULL_CONVERSION = YES;
				CLANG_WARN_OBJC_IMPLICIT_RETAIN_SELF = YES;
				CLANG_WARN_OBJC_LITERAL_CONVERSION = YES;
				CLANG_WARN_OBJC_ROOT_CLASS = YES_ERROR;
				CLANG_WARN_RANGE_LOOP_ANALYSIS = YES;
				CLANG_WARN_STRICT_PROTOTYPES = YES;
				CLANG_WARN_SUSPICIOUS_MOVE = YES;
				CLANG_WARN_UNGUARDED_AVAILABILITY = YES_AGGRESSIVE;
				CLANG_WARN_UNREACHABLE_CODE = YES;
				CLANG_WARN__DUPLICATE_METHOD_MATCH = YES;
				COPY_PHASE_STRIP = NO;
				DEBUG_INFORMATION_FORMAT = dwarf;
				ENABLE_STRICT_OBJC_MSGSEND = YES;
				ENABLE_TESTABILITY = YES;
				GCC_C_LANGUAGE_STANDARD = gnu11;
				GCC_DYNAMIC_NO_PIC = NO;
				GCC_NO_COMMON_BLOCKS = YES;
				GCC_OPTIMIZATION_LEVEL = 0;
				GCC_PREPROCESSOR_DEFINITIONS = (
					"DEBUG=1",
					"$(inherited)",
				);
				GCC_WARN_64_TO_32_BIT_CONVERSION = YES;
				GCC_WARN_ABOUT_RETURN_TYPE = YES_ERROR;
				GCC_WARN_UNDECLARED_SELECTOR = YES;
				GCC_WARN_UNINITIALIZED_AUTOS = YES_AGGRESSIVE;
				GCC_WARN_UNUSED_FUNCTION = YES;
				GCC_WARN_UNUSED_VARIABLE = YES;
				IPHONEOS_DEPLOYMENT_TARGET = 13.0;
				MTL_ENABLE_DEBUG_INFO = INCLUDE_SOURCE;
				MTL_FAST_MATH = YES;
				ONLY_ACTIVE_ARCH = YES;
				SDKROOT = iphoneos;
				SWIFT_ACTIVE_COMPILATION_CONDITIONS = DEBUG;
				SWIFT_OPTIMIZATION_LEVEL = "-Onone";
			};
			name = Debug;
		};
		FE325AD525134C850001E13E /* Release */ = {
			isa = XCBuildConfiguration;
			buildSettings = {
				ALWAYS_SEARCH_USER_PATHS = NO;
				CLANG_ANALYZER_NONNULL = YES;
				CLANG_ANALYZER_NUMBER_OBJECT_CONVERSION = YES_AGGRESSIVE;
				CLANG_CXX_LANGUAGE_STANDARD = "gnu++14";
				CLANG_CXX_LIBRARY = "libc++";
				CLANG_ENABLE_MODULES = YES;
				CLANG_ENABLE_OBJC_ARC = YES;
				CLANG_ENABLE_OBJC_WEAK = YES;
				CLANG_WARN_BLOCK_CAPTURE_AUTORELEASING = YES;
				CLANG_WARN_BOOL_CONVERSION = YES;
				CLANG_WARN_COMMA = YES;
				CLANG_WARN_CONSTANT_CONVERSION = YES;
				CLANG_WARN_DEPRECATED_OBJC_IMPLEMENTATIONS = YES;
				CLANG_WARN_DIRECT_OBJC_ISA_USAGE = YES_ERROR;
				CLANG_WARN_DOCUMENTATION_COMMENTS = YES;
				CLANG_WARN_EMPTY_BODY = YES;
				CLANG_WARN_ENUM_CONVERSION = YES;
				CLANG_WARN_INFINITE_RECURSION = YES;
				CLANG_WARN_INT_CONVERSION = YES;
				CLANG_WARN_NON_LITERAL_NULL_CONVERSION = YES;
				CLANG_WARN_OBJC_IMPLICIT_RETAIN_SELF = YES;
				CLANG_WARN_OBJC_LITERAL_CONVERSION = YES;
				CLANG_WARN_OBJC_ROOT_CLASS = YES_ERROR;
				CLANG_WARN_RANGE_LOOP_ANALYSIS = YES;
				CLANG_WARN_STRICT_PROTOTYPES = YES;
				CLANG_WARN_SUSPICIOUS_MOVE = YES;
				CLANG_WARN_UNGUARDED_AVAILABILITY = YES_AGGRESSIVE;
				CLANG_WARN_UNREACHABLE_CODE = YES;
				CLANG_WARN__DUPLICATE_METHOD_MATCH = YES;
				COPY_PHASE_STRIP = NO;
				DEBUG_INFORMATION_FORMAT = "dwarf-with-dsym";
				ENABLE_NS_ASSERTIONS = NO;
				ENABLE_STRICT_OBJC_MSGSEND = YES;
				GCC_C_LANGUAGE_STANDARD = gnu11;
				GCC_NO_COMMON_BLOCKS = YES;
				GCC_WARN_64_TO_32_BIT_CONVERSION = YES;
				GCC_WARN_ABOUT_RETURN_TYPE = YES_ERROR;
				GCC_WARN_UNDECLARED_SELECTOR = YES;
				GCC_WARN_UNINITIALIZED_AUTOS = YES_AGGRESSIVE;
				GCC_WARN_UNUSED_FUNCTION = YES;
				GCC_WARN_UNUSED_VARIABLE = YES;
				IPHONEOS_DEPLOYMENT_TARGET = 13.0;
				MTL_ENABLE_DEBUG_INFO = NO;
				MTL_FAST_MATH = YES;
				SDKROOT = iphoneos;
				SWIFT_COMPILATION_MODE = wholemodule;
				SWIFT_OPTIMIZATION_LEVEL = "-O";
				VALIDATE_PRODUCT = YES;
			};
			name = Release;
		};
		FE325AD725134C850001E13E /* Debug */ = {
			isa = XCBuildConfiguration;
			baseConfigurationReference = 30431E3F805E89C8FFEC9879 /* Pods-absio-crypto-ios-example.debug.xcconfig */;
			buildSettings = {
				ASSETCATALOG_COMPILER_APPICON_NAME = AppIcon;
				CODE_SIGN_STYLE = Automatic;
				DEVELOPMENT_ASSET_PATHS = "\"absio-crypto-ios-example/Preview Content\"";
				DEVELOPMENT_TEAM = "";
				ENABLE_PREVIEWS = YES;
				INFOPLIST_FILE = "absio-crypto-ios-example/Info.plist";
				LD_RUNPATH_SEARCH_PATHS = (
					"$(inherited)",
					"@executable_path/Frameworks",
				);
				PRODUCT_BUNDLE_IDENTIFIER = com.example;
				PRODUCT_NAME = "$(TARGET_NAME)";
				SWIFT_VERSION = 5.0;
				TARGETED_DEVICE_FAMILY = "1,2";
			};
			name = Debug;
		};
		FE325AD825134C850001E13E /* Release */ = {
			isa = XCBuildConfiguration;
			baseConfigurationReference = A76B2A404EF6E899EA92B3F3 /* Pods-absio-crypto-ios-example.release.xcconfig */;
			buildSettings = {
				ASSETCATALOG_COMPILER_APPICON_NAME = AppIcon;
				CODE_SIGN_STYLE = Automatic;
				DEVELOPMENT_ASSET_PATHS = "\"absio-crypto-ios-example/Preview Content\"";
				DEVELOPMENT_TEAM = "";
				ENABLE_PREVIEWS = YES;
				INFOPLIST_FILE = "absio-crypto-ios-example/Info.plist";
				LD_RUNPATH_SEARCH_PATHS = (
					"$(inherited)",
					"@executable_path/Frameworks",
				);
				PRODUCT_BUNDLE_IDENTIFIER = com.example;
				PRODUCT_NAME = "$(TARGET_NAME)";
				SWIFT_VERSION = 5.0;
				TARGETED_DEVICE_FAMILY = "1,2";
			};
			name = Release;
		};
/* End XCBuildConfiguration section */

/* Begin XCConfigurationList section */
		FE325ABD25134C840001E13E /* Build configuration list for PBXProject "absio-crypto-ios-example" */ = {
			isa = XCConfigurationList;
			buildConfigurations = (
				FE325AD425134C850001E13E /* Debug */,
				FE325AD525134C850001E13E /* Release */,
			);
			defaultConfigurationIsVisible = 0;
			defaultConfigurationName = Release;
		};
		FE325AD625134C850001E13E /* Build configuration list for PBXNativeTarget "absio-crypto-ios-example" */ = {
			isa = XCConfigurationList;
			buildConfigurations = (
				FE325AD725134C850001E13E /* Debug */,
				FE325AD825134C850001E13E /* Release */,
			);
			defaultConfigurationIsVisible = 0;
			defaultConfigurationName = Release;
		};
/* End XCConfigurationList section */
	};
	rootObject = FE325ABA25134C840001E13E /* Project object */;
}
